<?xml version="1.0" encoding="utf-8"?>
<Project ToolsVersion="4.0" xmlns="http://schemas.microsoft.com/developer/msbuild/2003">
  <ItemGroup>
    <Filter Include="src">
      <UniqueIdentifier>{85bc4ddf-7bbb-4892-aa35-a73aaed82d97}</UniqueIdentifier>
    </Filter>
    <Filter Include="src\entities">
      <UniqueIdentifier>{9c400865-6769-4509-85ca-6a6eaff02ae2}</UniqueIdentifier>
    </Filter>
    <Filter Include="src\input">
      <UniqueIdentifier>{ddaf0997-6d07-45b7-ae66-3b992bcc3186}</UniqueIdentifier>
    </Filter>
    <Filter Include="src\renderer">
      <UniqueIdentifier>{1d00a3a4-d46e-428e-907e-42f09982f2a4}</UniqueIdentifier>
    </Filter>
    <Filter Include="src\collision_manager">
      <UniqueIdentifier>{cdb741dc-024a-495d-86aa-4df3001b3b39}</UniqueIdentifier>
    </Filter>
    <Filter Include="src\window">
      <UniqueIdentifier>{9387e816-6413-460c-9193-ff7e030a7ddb}</UniqueIdentifier>
    </Filter>
    <Filter Include="src\base_game">
      <UniqueIdentifier>{96cc7eed-34de-4c75-bbdd-83955713ba48}</UniqueIdentifier>
    </Filter>
    <Filter Include="src\entities\animation">
      <UniqueIdentifier>{c4cb04d7-90cb-4bc6-8668-d90178ba6506}</UniqueIdentifier>
    </Filter>
    <Filter Include="src\entities\entity">
      <UniqueIdentifier>{6e0f13ed-8feb-4a6e-882e-29bf409e5453}</UniqueIdentifier>
    </Filter>
    <Filter Include="src\entities\entity2d">
      <UniqueIdentifier>{c09ccb8a-98a3-4090-ae1d-0233dbba0034}</UniqueIdentifier>
    </Filter>
    <Filter Include="src\entities\shape">
      <UniqueIdentifier>{ebdc1ddc-ace6-4a73-b378-701ce69d0a12}</UniqueIdentifier>
    </Filter>
    <Filter Include="src\entities\sprite">
      <UniqueIdentifier>{f9f2408c-e59d-4a10-97a4-7b866ed11db2}</UniqueIdentifier>
    </Filter>
    <Filter Include="src\entities\tilemap">
      <UniqueIdentifier>{dd6ac629-8202-4985-bb3f-b265e949112f}</UniqueIdentifier>
    </Filter>
    <Filter Include="res">
      <UniqueIdentifier>{a1797995-231d-46a9-b54f-b0190cc1fb08}</UniqueIdentifier>
    </Filter>
    <Filter Include="res\shaders">
      <UniqueIdentifier>{91d95d85-36e3-42b6-8e1f-2d102888eee8}</UniqueIdentifier>
    </Filter>
    <Filter Include="src\utility">
      <UniqueIdentifier>{8ac5e2d4-59f1-42c1-b599-43ea1f03a0da}</UniqueIdentifier>
    </Filter>
    <Filter Include="src\utility\error_handling">
      <UniqueIdentifier>{1ebec506-2d0e-4c7c-980c-1ed8fdd0bf7a}</UniqueIdentifier>
    </Filter>
    <Filter Include="src\utility\utils">
      <UniqueIdentifier>{a909663b-b562-4be0-95cc-66c168cd15b7}</UniqueIdentifier>
    </Filter>
    <Filter Include="src\utility\color">
      <UniqueIdentifier>{73c4b440-56f3-4554-9561-975ef0ace628}</UniqueIdentifier>
    </Filter>
    <Filter Include="src\utility\vector2">
      <UniqueIdentifier>{914aa11e-3ccd-4104-8c17-bea8f1e5a55e}</UniqueIdentifier>
    </Filter>
    <Filter Include="src\utility\vector3">
      <UniqueIdentifier>{c2f3a569-dcdd-4503-85ab-3fb60e7b61b2}</UniqueIdentifier>
    </Filter>
    <Filter Include="src\vertex_buffer">
      <UniqueIdentifier>{a1c33d5a-a081-42a6-9379-ad7bc71b0f88}</UniqueIdentifier>
    </Filter>
    <Filter Include="src\index_buffer">
      <UniqueIdentifier>{8edabddf-2950-4860-973a-1c3aa143c782}</UniqueIdentifier>
    </Filter>
    <Filter Include="src\shader">
      <UniqueIdentifier>{0e03d7d6-5034-4942-a3e4-7a6dfb9cc3d5}</UniqueIdentifier>
    </Filter>
    <Filter Include="src\utility\transform">
      <UniqueIdentifier>{4622eaf2-e83c-467b-89d0-561ece932c02}</UniqueIdentifier>
    </Filter>
  </ItemGroup>
  <ItemGroup>
    <ClCompile Include="src\BaseGame.cpp">
      <Filter>src\base_game</Filter>
    </ClCompile>
    <ClCompile Include="src\CollisionManager.cpp">
      <Filter>src\collision_manager</Filter>
    </ClCompile>
    <ClCompile Include="src\IndexBuffer.cpp">
      <Filter>src\index_buffer</Filter>
    </ClCompile>
    <ClCompile Include="src\Input.cpp">
      <Filter>src\input</Filter>
    </ClCompile>
    <ClCompile Include="src\Renderer.cpp">
      <Filter>src\renderer</Filter>
    </ClCompile>
    <ClCompile Include="src\Shader.cpp">
      <Filter>src\shader</Filter>
    </ClCompile>
    <ClCompile Include="src\Color.cpp">
      <Filter>src\utility\color</Filter>
    </ClCompile>
    <ClCompile Include="src\ErrorHandling.cpp">
      <Filter>src\utility\error_handling</Filter>
    </ClCompile>
    <ClCompile Include="src\Transform.cpp">
      <Filter>src\utility\transform</Filter>
    </ClCompile>
    <ClCompile Include="src\Utils.cpp">
      <Filter>src\utility\utils</Filter>
    </ClCompile>
    <ClCompile Include="src\Vector2.cpp">
      <Filter>src\utility\vector2</Filter>
    </ClCompile>
    <ClCompile Include="src\Vector3.cpp">
      <Filter>src\utility\vector3</Filter>
    </ClCompile>
    <ClCompile Include="src\VertexBuffer.cpp">
      <Filter>src\vertex_buffer</Filter>
    </ClCompile>
    <ClCompile Include="src\Window.cpp">
      <Filter>src\window</Filter>
    </ClCompile>
    <ClCompile Include="src\Entity.cpp">
      <Filter>src\entities\entity</Filter>
    </ClCompile>
    <ClCompile Include="src\Animation.cpp">
      <Filter>src\entities\animation</Filter>
    </ClCompile>
    <ClCompile Include="src\Entity2D.cpp">
      <Filter>src\entities\entity2d</Filter>
    </ClCompile>
    <ClCompile Include="src\Shape.cpp">
      <Filter>src\entities\shape</Filter>
    </ClCompile>
    <ClCompile Include="src\Sprite.cpp">
      <Filter>src\entities\sprite</Filter>
    </ClCompile>
    <ClCompile Include="src\Tilemap.cpp">
      <Filter>src\entities\tilemap</Filter>
    </ClCompile>
  </ItemGroup>
  <ItemGroup>
    <ClInclude Include="src\Exports.h">
      <Filter>src</Filter>
    </ClInclude>
    <ClInclude Include="src\BaseGame.h">
      <Filter>src\base_game</Filter>
    </ClInclude>
    <ClInclude Include="src\CollisionManager.h">
      <Filter>src\collision_manager</Filter>
    </ClInclude>
    <ClInclude Include="src\IndexBuffer.h">
      <Filter>src\index_buffer</Filter>
    </ClInclude>
    <ClInclude Include="src\Input.h">
      <Filter>src\input</Filter>
    </ClInclude>
    <ClInclude Include="src\Renderer.h">
      <Filter>src\renderer</Filter>
    </ClInclude>
    <ClInclude Include="src\Shader.h">
      <Filter>src\shader</Filter>
    </ClInclude>
    <ClInclude Include="src\Color.h">
      <Filter>src\utility\color</Filter>
    </ClInclude>
    <ClInclude Include="src\ErrorHandling.h">
      <Filter>src\utility\error_handling</Filter>
    </ClInclude>
    <ClInclude Include="src\Transform.h">
      <Filter>src\utility\transform</Filter>
    </ClInclude>
    <ClInclude Include="src\Utils.h">
      <Filter>src\utility\utils</Filter>
    </ClInclude>
    <ClInclude Include="src\Vector2.h">
      <Filter>src\utility\vector2</Filter>
    </ClInclude>
    <ClInclude Include="src\Vector3.h">
      <Filter>src\utility\vector3</Filter>
    </ClInclude>
    <ClInclude Include="src\VertexBuffer.h">
      <Filter>src\vertex_buffer</Filter>
    </ClInclude>
    <ClInclude Include="src\Window.h">
      <Filter>src\window</Filter>
    </ClInclude>
    <ClInclude Include="src\Entity.h">
      <Filter>src\entities\entity</Filter>
    </ClInclude>
    <ClInclude Include="src\Animation.h">
      <Filter>src\entities\animation</Filter>
    </ClInclude>
    <ClInclude Include="src\Entity2D.h">
      <Filter>src\entities\entity2d</Filter>
    </ClInclude>
    <ClInclude Include="src\Shape.h">
      <Filter>src\entities\shape</Filter>
    </ClInclude>
    <ClInclude Include="src\Sprite.h">
      <Filter>src\entities\sprite</Filter>
    </ClInclude>
    <ClInclude Include="src\Tilemap.h">
      <Filter>src\entities\tilemap</Filter>
    </ClInclude>
  </ItemGroup>
  <ItemGroup>
    <None Include="res\shaders\Basic.shader">
      <Filter>res\shaders</Filter>
    </None>
  </ItemGroup>
</Project>