<?xml version="1.0" encoding="utf-8"?>
<Project ToolsVersion="4.0" xmlns="http://schemas.microsoft.com/developer/msbuild/2003">
  <ItemGroup>
    <Filter Include="Archivos de origen">
      <UniqueIdentifier>{4FC737F1-C7A5-4376-A066-2A32D752A2FF}</UniqueIdentifier>
      <Extensions>cpp;c;cc;cxx;c++;def;odl;idl;hpj;bat;asm;asmx</Extensions>
    </Filter>
    <Filter Include="Archivos de encabezado">
      <UniqueIdentifier>{93995380-89BD-4b04-88EB-625FBE52EBFB}</UniqueIdentifier>
      <Extensions>h;hh;hpp;hxx;h++;hm;inl;inc;ipp;xsd</Extensions>
    </Filter>
    <Filter Include="Archivos de recursos">
      <UniqueIdentifier>{67DA6AB6-F800-4c08-8B7A-83BB121AAD01}</UniqueIdentifier>
      <Extensions>rc;ico;cur;bmp;dlg;rc2;rct;bin;rgs;gif;jpg;jpeg;jpe;resx;tiff;tif;png;wav;mfcribbon-ms</Extensions>
    </Filter>
    <Filter Include="src">
      <UniqueIdentifier>{85bc4ddf-7bbb-4892-aa35-a73aaed82d97}</UniqueIdentifier>
    </Filter>
    <Filter Include="res">
      <UniqueIdentifier>{a1797995-231d-46a9-b54f-b0190cc1fb08}</UniqueIdentifier>
    </Filter>
    <Filter Include="res\shaders">
      <UniqueIdentifier>{91d95d85-36e3-42b6-8e1f-2d102888eee8}</UniqueIdentifier>
    </Filter>
  </ItemGroup>
  <ItemGroup>
    <ClCompile Include="src\Animation.cpp">
      <Filter>src</Filter>
    </ClCompile>
    <ClCompile Include="src\BaseGame.cpp">
      <Filter>src</Filter>
    </ClCompile>
    <ClCompile Include="src\CollisionManager.cpp">
      <Filter>src</Filter>
    </ClCompile>
    <ClCompile Include="src\Color.cpp">
      <Filter>src</Filter>
    </ClCompile>
    <ClCompile Include="src\Entity.cpp">
      <Filter>src</Filter>
    </ClCompile>
    <ClCompile Include="src\Entity2D.cpp">
      <Filter>src</Filter>
    </ClCompile>
    <ClCompile Include="src\ErrorHandling.cpp">
      <Filter>src</Filter>
    </ClCompile>
    <ClCompile Include="src\IndexBuffer.cpp">
      <Filter>src</Filter>
    </ClCompile>
    <ClCompile Include="src\Input.cpp">
      <Filter>src</Filter>
    </ClCompile>
    <ClCompile Include="src\Renderer.cpp">
      <Filter>src</Filter>
    </ClCompile>
    <ClCompile Include="src\Shader.cpp">
      <Filter>src</Filter>
    </ClCompile>
    <ClCompile Include="src\Shape.cpp">
      <Filter>src</Filter>
    </ClCompile>
    <ClCompile Include="src\Sprite.cpp">
      <Filter>src</Filter>
    </ClCompile>
    <ClCompile Include="src\Tilemap.cpp">
      <Filter>src</Filter>
    </ClCompile>
    <ClCompile Include="src\Utils.cpp">
      <Filter>src</Filter>
    </ClCompile>
    <ClCompile Include="src\Vector2.cpp">
      <Filter>src</Filter>
    </ClCompile>
    <ClCompile Include="src\Vector3.cpp">
      <Filter>src</Filter>
    </ClCompile>
    <ClCompile Include="src\VertexBuffer.cpp">
      <Filter>src</Filter>
    </ClCompile>
    <ClCompile Include="src\Window.cpp">
      <Filter>src</Filter>
    </ClCompile>
    <ClCompile Include="src\Transform.cpp">
      <Filter>src</Filter>
    </ClCompile>
  </ItemGroup>
  <ItemGroup>
    <ClInclude Include="src\Exports.h">
      <Filter>src</Filter>
    </ClInclude>
    <ClInclude Include="src\Animation.h">
      <Filter>src</Filter>
    </ClInclude>
    <ClInclude Include="src\BaseGame.h">
      <Filter>src</Filter>
    </ClInclude>
    <ClInclude Include="src\CollisionManager.h">
      <Filter>src</Filter>
    </ClInclude>
    <ClInclude Include="src\Color.h">
      <Filter>src</Filter>
    </ClInclude>
    <ClInclude Include="src\Entity.h">
      <Filter>src</Filter>
    </ClInclude>
    <ClInclude Include="src\Entity2D.h">
      <Filter>src</Filter>
    </ClInclude>
    <ClInclude Include="src\ErrorHandling.h">
      <Filter>src</Filter>
    </ClInclude>
    <ClInclude Include="src\IndexBuffer.h">
      <Filter>src</Filter>
    </ClInclude>
    <ClInclude Include="src\Input.h">
      <Filter>src</Filter>
    </ClInclude>
    <ClInclude Include="src\Renderer.h">
      <Filter>src</Filter>
    </ClInclude>
    <ClInclude Include="src\Shader.h">
      <Filter>src</Filter>
    </ClInclude>
    <ClInclude Include="src\Shape.h">
      <Filter>src</Filter>
    </ClInclude>
    <ClInclude Include="src\Sprite.h">
      <Filter>src</Filter>
    </ClInclude>
    <ClInclude Include="src\Tilemap.h">
      <Filter>src</Filter>
    </ClInclude>
    <ClInclude Include="src\Utils.h">
      <Filter>src</Filter>
    </ClInclude>
    <ClInclude Include="src\Vector2.h">
      <Filter>src</Filter>
    </ClInclude>
    <ClInclude Include="src\Vector3.h">
      <Filter>src</Filter>
    </ClInclude>
    <ClInclude Include="src\VertexBuffer.h">
      <Filter>src</Filter>
    </ClInclude>
    <ClInclude Include="src\Window.h">
      <Filter>src</Filter>
    </ClInclude>
    <ClInclude Include="src\Transform.h">
      <Filter>src</Filter>
    </ClInclude>
  </ItemGroup>
  <ItemGroup>
    <None Include="res\shaders\Basic.shader">
      <Filter>res\shaders</Filter>
    </None>
  </ItemGroup>
</Project>